
Microsoft Visual Studio Solution File, Format Version 12.00
# Visual Studio Version 17
VisualStudioVersion = 17.14.36511.14
MinimumVisualStudioVersion = 10.0.40219.1
Project("{8BC9CEB8-8B4A-11D0-8D11-00A0C91BC942}") = "SyncWatchers", "SyncWatchers\SyncWatchers.vcxproj", "{74B813DC-7DBA-47CB-8CBF-BEDB091DA09C}"
EndProject
Project("{2150E333-8FDC-42A3-9474-1A3956D46DE8}") = "Executors", "Executors", "{02EA681E-C7D8-13C7-8484-4AC65E1B71E8}"
EndProject
Project("{8BC9CEB8-8B4A-11D0-8D11-00A0C91BC942}") = "CoreDatabaseExecutor", "Executors\CoreDatabaseExecutor\CoreDatabaseExecutor.vcxproj", "{A391454B-0826-4DDE-A00F-596B9B41FD2D}"
EndProject
Project("{8BC9CEB8-8B4A-11D0-8D11-00A0C91BC942}") = "FetchWebFramework", "FetchWebFramework\FetchWebFramework.vcxproj", "{8B1B7F47-3D45-459E-90B9-340BD9B091B6}"
EndProject
Project("{2150E333-8FDC-42A3-9474-1A3956D46DE8}") = "Utility", "Utility", "{A64FE1C4-E6BF-49D7-90C8-FA69CF166897}"
EndProject
Project("{8BC9CEB8-8B4A-11D0-8D11-00A0C91BC942}") = "ContentExecutor", "Executors\ContentExecutor\ContentExecutor.vcxproj", "{D17F0561-B78F-4BC8-A985-623BFD436CD4}"
EndProject
Project("{8BC9CEB8-8B4A-11D0-8D11-00A0C91BC942}") = "Events", "Events\Events.vcxproj", "{2F15CFD6-8A14-43C8-9B3A-44BE3E49F69D}"
EndProject
Project("{8BC9CEB8-8B4A-11D0-8D11-00A0C91BC942}") = "Utils", "Utils\Utils.vcxproj", "{9356E47D-4BFA-4E63-BEC7-A7C283D4E1FC}"
EndProject
Project("{8BC9CEB8-8B4A-11D0-8D11-00A0C91BC942}") = "VideoExecutor", "Executors\VideoExecutor\VideoExecutor.vcxproj", "{ECD4943A-2A3E-459C-AC44-6D31CDE33DB9}"
EndProject
Global
	GlobalSection(SolutionConfigurationPlatforms) = preSolution
		Debug|x64 = Debug|x64
		Release|x64 = Release|x64
	EndGlobalSection
	GlobalSection(ProjectConfigurationPlatforms) = postSolution
		{74B813DC-7DBA-47CB-8CBF-BEDB091DA09C}.Debug|x64.ActiveCfg = Debug|x64
		{74B813DC-7DBA-47CB-8CBF-BEDB091DA09C}.Debug|x64.Build.0 = Debug|x64
		{74B813DC-7DBA-47CB-8CBF-BEDB091DA09C}.Release|x64.ActiveCfg = Release|x64
		{74B813DC-7DBA-47CB-8CBF-BEDB091DA09C}.Release|x64.Build.0 = Release|x64
		{A391454B-0826-4DDE-A00F-596B9B41FD2D}.Debug|x64.ActiveCfg = Debug|x64
		{A391454B-0826-4DDE-A00F-596B9B41FD2D}.Debug|x64.Build.0 = Debug|x64
		{A391454B-0826-4DDE-A00F-596B9B41FD2D}.Release|x64.ActiveCfg = Release|x64
		{A391454B-0826-4DDE-A00F-596B9B41FD2D}.Release|x64.Build.0 = Release|x64
		{8B1B7F47-3D45-459E-90B9-340BD9B091B6}.Debug|x64.ActiveCfg = Debug|x64
		{8B1B7F47-3D45-459E-90B9-340BD9B091B6}.Debug|x64.Build.0 = Debug|x64
		{8B1B7F47-3D45-459E-90B9-340BD9B091B6}.Release|x64.ActiveCfg = Release|x64
		{8B1B7F47-3D45-459E-90B9-340BD9B091B6}.Release|x64.Build.0 = Release|x64
		{D17F0561-B78F-4BC8-A985-623BFD436CD4}.Debug|x64.ActiveCfg = Debug|x64
		{D17F0561-B78F-4BC8-A985-623BFD436CD4}.Debug|x64.Build.0 = Debug|x64
		{D17F0561-B78F-4BC8-A985-623BFD436CD4}.Release|x64.ActiveCfg = Release|x64
		{D17F0561-B78F-4BC8-A985-623BFD436CD4}.Release|x64.Build.0 = Release|x64
		{2F15CFD6-8A14-43C8-9B3A-44BE3E49F69D}.Debug|x64.ActiveCfg = Debug|x64
		{2F15CFD6-8A14-43C8-9B3A-44BE3E49F69D}.Debug|x64.Build.0 = Debug|x64
		{2F15CFD6-8A14-43C8-9B3A-44BE3E49F69D}.Release|x64.ActiveCfg = Release|x64
		{2F15CFD6-8A14-43C8-9B3A-44BE3E49F69D}.Release|x64.Build.0 = Release|x64
		{9356E47D-4BFA-4E63-BEC7-A7C283D4E1FC}.Debug|x64.ActiveCfg = Debug|x64
		{9356E47D-4BFA-4E63-BEC7-A7C283D4E1FC}.Debug|x64.Build.0 = Debug|x64
		{9356E47D-4BFA-4E63-BEC7-A7C283D4E1FC}.Release|x64.ActiveCfg = Release|x64
		{9356E47D-4BFA-4E63-BEC7-A7C283D4E1FC}.Release|x64.Build.0 = Release|x64
		{ECD4943A-2A3E-459C-AC44-6D31CDE33DB9}.Debug|x64.ActiveCfg = Debug|x64
		{ECD4943A-2A3E-459C-AC44-6D31CDE33DB9}.Debug|x64.Build.0 = Debug|x64
		{ECD4943A-2A3E-459C-AC44-6D31CDE33DB9}.Release|x64.ActiveCfg = Release|x64
		{ECD4943A-2A3E-459C-AC44-6D31CDE33DB9}.Release|x64.Build.0 = Release|x64
	EndGlobalSection
	GlobalSection(SolutionProperties) = preSolution
		HideSolutionNode = FALSE
	EndGlobalSection
	GlobalSection(NestedProjects) = preSolution
		{A391454B-0826-4DDE-A00F-596B9B41FD2D} = {02EA681E-C7D8-13C7-8484-4AC65E1B71E8}
		{8B1B7F47-3D45-459E-90B9-340BD9B091B6} = {A64FE1C4-E6BF-49D7-90C8-FA69CF166897}
		{D17F0561-B78F-4BC8-A985-623BFD436CD4} = {02EA681E-C7D8-13C7-8484-4AC65E1B71E8}
		{9356E47D-4BFA-4E63-BEC7-A7C283D4E1FC} = {A64FE1C4-E6BF-49D7-90C8-FA69CF166897}
		{ECD4943A-2A3E-459C-AC44-6D31CDE33DB9} = {02EA681E-C7D8-13C7-8484-4AC65E1B71E8}
	EndGlobalSection
	GlobalSection(ExtensibilityGlobals) = postSolution
		SolutionGuid = {86AB336D-FA9F-4E25-AE2A-9A56A18DD8E2}
	EndGlobalSection
EndGlobal
